// !$*UTF8*$!
{
	archiveVersion = 1;
	classes = {
	};
	objectVersion = 56;
	objects = {

/* Begin PBXBuildFile section */
		9897010229241EBF00E8703C /* DataStreamer.swift in Sources */ = {isa = PBXBuildFile; fileRef = 9897010129241EBF00E8703C /* DataStreamer.swift */; };
		98DFA93B29240DF000B4F608 /* ARKitROS2BridgeApp.swift in Sources */ = {isa = PBXBuildFile; fileRef = 98DFA93A29240DF000B4F608 /* ARKitROS2BridgeApp.swift */; };
		98DFA93D29240DF000B4F608 /* ContentView.swift in Sources */ = {isa = PBXBuildFile; fileRef = 98DFA93C29240DF000B4F608 /* ContentView.swift */; };
		98DFA93F29240DF000B4F608 /* Experience.rcproject in Sources */ = {isa = PBXBuildFile; fileRef = 98DFA93E29240DF000B4F608 /* Experience.rcproject */; };
		98DFA94129240DF100B4F608 /* Assets.xcassets in Resources */ = {isa = PBXBuildFile; fileRef = 98DFA94029240DF100B4F608 /* Assets.xcassets */; };
		98DFA94429240DF100B4F608 /* Preview Assets.xcassets in Resources */ = {isa = PBXBuildFile; fileRef = 98DFA94329240DF100B4F608 /* Preview Assets.xcassets */; };
		98DFA94B29240F2F00B4F608 /* ARViewController.swift in Sources */ = {isa = PBXBuildFile; fileRef = 98DFA94A29240F2F00B4F608 /* ARViewController.swift */; };
		98DFA94D29240F7300B4F608 /* UDPBroadcastConnection.swift in Sources */ = {isa = PBXBuildFile; fileRef = 98DFA94C29240F7300B4F608 /* UDPBroadcastConnection.swift */; };
		98DFA94F2924116B00B4F608 /* Config.swift in Sources */ = {isa = PBXBuildFile; fileRef = 98DFA94E2924116B00B4F608 /* Config.swift */; };
/* End PBXBuildFile section */

/* Begin PBXFileReference section */
		9897010129241EBF00E8703C /* DataStreamer.swift */ = {isa = PBXFileReference; lastKnownFileType = sourcecode.swift; path = DataStreamer.swift; sourceTree = "<group>"; };
		98DFA93729240DF000B4F608 /* ARKitROS2Bridge.app */ = {isa = PBXFileReference; explicitFileType = wrapper.application; includeInIndex = 0; path = ARKitROS2Bridge.app; sourceTree = BUILT_PRODUCTS_DIR; };
		98DFA93A29240DF000B4F608 /* ARKitROS2BridgeApp.swift */ = {isa = PBXFileReference; lastKnownFileType = sourcecode.swift; path = ARKitROS2BridgeApp.swift; sourceTree = "<group>"; };
		98DFA93C29240DF000B4F608 /* ContentView.swift */ = {isa = PBXFileReference; lastKnownFileType = sourcecode.swift; path = ContentView.swift; sourceTree = "<group>"; };
		98DFA93E29240DF000B4F608 /* Experience.rcproject */ = {isa = PBXFileReference; lastKnownFileType = file.rcproject; path = Experience.rcproject; sourceTree = "<group>"; };
		98DFA94029240DF100B4F608 /* Assets.xcassets */ = {isa = PBXFileReference; lastKnownFileType = folder.assetcatalog; path = Assets.xcassets; sourceTree = "<group>"; };
		98DFA94329240DF100B4F608 /* Preview Assets.xcassets */ = {isa = PBXFileReference; lastKnownFileType = folder.assetcatalog; path = "Preview Assets.xcassets"; sourceTree = "<group>"; };
		98DFA94A29240F2F00B4F608 /* ARViewController.swift */ = {isa = PBXFileReference; lastKnownFileType = sourcecode.swift; path = ARViewController.swift; sourceTree = "<group>"; };
		98DFA94C29240F7300B4F608 /* UDPBroadcastConnection.swift */ = {isa = PBXFileReference; lastKnownFileType = sourcecode.swift; path = UDPBroadcastConnection.swift; sourceTree = "<group>"; };
		98DFA94E2924116B00B4F608 /* Config.swift */ = {isa = PBXFileReference; lastKnownFileType = sourcecode.swift; path = Config.swift; sourceTree = "<group>"; };
/* End PBXFileReference section */

/* Begin PBXFrameworksBuildPhase section */
		98DFA93429240DF000B4F608 /* Frameworks */ = {
			isa = PBXFrameworksBuildPhase;
			buildActionMask = 2147483647;
			files = (
			);
			runOnlyForDeploymentPostprocessing = 0;
		};
/* End PBXFrameworksBuildPhase section */

/* Begin PBXGroup section */
		98DFA92E29240DF000B4F608 = {
			isa = PBXGroup;
			children = (
				98DFA93929240DF000B4F608 /* ARKitROS2Bridge */,
				98DFA93829240DF000B4F608 /* Products */,
			);
			sourceTree = "<group>";
		};
		98DFA93829240DF000B4F608 /* Products */ = {
			isa = PBXGroup;
			children = (
				98DFA93729240DF000B4F608 /* ARKitROS2Bridge.app */,
			);
			name = Products;
			sourceTree = "<group>";
		};
		98DFA93929240DF000B4F608 /* ARKitROS2Bridge */ = {
			isa = PBXGroup;
			children = (
				98DFA93A29240DF000B4F608 /* ARKitROS2BridgeApp.swift */,
				98DFA93C29240DF000B4F608 /* ContentView.swift */,
				98DFA93E29240DF000B4F608 /* Experience.rcproject */,
				98DFA94029240DF100B4F608 /* Assets.xcassets */,
				98DFA94229240DF100B4F608 /* Preview Content */,
				98DFA94A29240F2F00B4F608 /* ARViewController.swift */,
				98DFA94C29240F7300B4F608 /* UDPBroadcastConnection.swift */,
				98DFA94E2924116B00B4F608 /* Config.swift */,
				9897010129241EBF00E8703C /* DataStreamer.swift */,
			);
			path = ARKitROS2Bridge;
			sourceTree = "<group>";
		};
		98DFA94229240DF100B4F608 /* Preview Content */ = {
			isa = PBXGroup;
			children = (
				98DFA94329240DF100B4F608 /* Preview Assets.xcassets */,
			);
			path = "Preview Content";
			sourceTree = "<group>";
		};
/* End PBXGroup section */

/* Begin PBXNativeTarget section */
		98DFA93629240DF000B4F608 /* ARKitROS2Bridge */ = {
			isa = PBXNativeTarget;
			buildConfigurationList = 98DFA94729240DF100B4F608 /* Build configuration list for PBXNativeTarget "ARKitROS2Bridge" */;
			buildPhases = (
				98DFA93329240DF000B4F608 /* Sources */,
				98DFA93429240DF000B4F608 /* Frameworks */,
				98DFA93529240DF000B4F608 /* Resources */,
			);
			buildRules = (
			);
			dependencies = (
			);
			name = ARKitROS2Bridge;
			productName = ARKitROS2Bridge;
			productReference = 98DFA93729240DF000B4F608 /* ARKitROS2Bridge.app */;
			productType = "com.apple.product-type.application";
		};
/* End PBXNativeTarget section */

/* Begin PBXProject section */
		98DFA92F29240DF000B4F608 /* Project object */ = {
			isa = PBXProject;
			attributes = {
				BuildIndependentTargetsInParallel = 1;
				LastSwiftUpdateCheck = 1410;
				LastUpgradeCheck = 1410;
				TargetAttributes = {
					98DFA93629240DF000B4F608 = {
						CreatedOnToolsVersion = 14.1;
					};
				};
			};
			buildConfigurationList = 98DFA93229240DF000B4F608 /* Build configuration list for PBXProject "ARKitROS2Bridge" */;
			compatibilityVersion = "Xcode 14.0";
			developmentRegion = en;
			hasScannedForEncodings = 0;
			knownRegions = (
				en,
				Base,
			);
			mainGroup = 98DFA92E29240DF000B4F608;
			productRefGroup = 98DFA93829240DF000B4F608 /* Products */;
			projectDirPath = "";
			projectRoot = "";
			targets = (
				98DFA93629240DF000B4F608 /* ARKitROS2Bridge */,
			);
		};
/* End PBXProject section */

/* Begin PBXResourcesBuildPhase section */
		98DFA93529240DF000B4F608 /* Resources */ = {
			isa = PBXResourcesBuildPhase;
			buildActionMask = 2147483647;
			files = (
				98DFA94429240DF100B4F608 /* Preview Assets.xcassets in Resources */,
				98DFA94129240DF100B4F608 /* Assets.xcassets in Resources */,
			);
			runOnlyForDeploymentPostprocessing = 0;
		};
/* End PBXResourcesBuildPhase section */

/* Begin PBXSourcesBuildPhase section */
		98DFA93329240DF000B4F608 /* Sources */ = {
			isa = PBXSourcesBuildPhase;
			buildActionMask = 2147483647;
			files = (
				98DFA93D29240DF000B4F608 /* ContentView.swift in Sources */,
				98DFA93B29240DF000B4F608 /* ARKitROS2BridgeApp.swift in Sources */,
				98DFA94D29240F7300B4F608 /* UDPBroadcastConnection.swift in Sources */,
				9897010229241EBF00E8703C /* DataStreamer.swift in Sources */,
				98DFA94B29240F2F00B4F608 /* ARViewController.swift in Sources */,
				98DFA93F29240DF000B4F608 /* Experience.rcproject in Sources */,
				98DFA94F2924116B00B4F608 /* Config.swift in Sources */,
			);
			runOnlyForDeploymentPostprocessing = 0;
		};
/* End PBXSourcesBuildPhase section */

/* Begin XCBuildConfiguration section */
		98DFA94529240DF100B4F608 /* Debug */ = {
			isa = XCBuildConfiguration;
			buildSettings = {
				ALWAYS_SEARCH_USER_PATHS = NO;
				CLANG_ANALYZER_NONNULL = YES;
				CLANG_ANALYZER_NUMBER_OBJECT_CONVERSION = YES_AGGRESSIVE;
				CLANG_CXX_LANGUAGE_STANDARD = "gnu++20";
				CLANG_ENABLE_MODULES = YES;
				CLANG_ENABLE_OBJC_ARC = YES;
				CLANG_ENABLE_OBJC_WEAK = YES;
				CLANG_WARN_BLOCK_CAPTURE_AUTORELEASING = YES;
				CLANG_WARN_BOOL_CONVERSION = YES;
				CLANG_WARN_COMMA = YES;
				CLANG_WARN_CONSTANT_CONVERSION = YES;
				CLANG_WARN_DEPRECATED_OBJC_IMPLEMENTATIONS = YES;
				CLANG_WARN_DIRECT_OBJC_ISA_USAGE = YES_ERROR;
				CLANG_WARN_DOCUMENTATION_COMMENTS = YES;
				CLANG_WARN_EMPTY_BODY = YES;
				CLANG_WARN_ENUM_CONVERSION = YES;
				CLANG_WARN_INFINITE_RECURSION = YES;
				CLANG_WARN_INT_CONVERSION = YES;
				CLANG_WARN_NON_LITERAL_NULL_CONVERSION = YES;
				CLANG_WARN_OBJC_IMPLICIT_RETAIN_SELF = YES;
				CLANG_WARN_OBJC_LITERAL_CONVERSION = YES;
				CLANG_WARN_OBJC_ROOT_CLASS = YES_ERROR;
				CLANG_WARN_QUOTED_INCLUDE_IN_FRAMEWORK_HEADER = YES;
				CLANG_WARN_RANGE_LOOP_ANALYSIS = YES;
				CLANG_WARN_STRICT_PROTOTYPES = YES;
				CLANG_WARN_SUSPICIOUS_MOVE = YES;
				CLANG_WARN_UNGUARDED_AVAILABILITY = YES_AGGRESSIVE;
				CLANG_WARN_UNREACHABLE_CODE = YES;
				CLANG_WARN__DUPLICATE_METHOD_MATCH = YES;
				COPY_PHASE_STRIP = NO;
				DEBUG_INFORMATION_FORMAT = dwarf;
				ENABLE_STRICT_OBJC_MSGSEND = YES;
				ENABLE_TESTABILITY = YES;
				GCC_C_LANGUAGE_STANDARD = gnu11;
				GCC_DYNAMIC_NO_PIC = NO;
				GCC_NO_COMMON_BLOCKS = YES;
				GCC_OPTIMIZATION_LEVEL = 0;
				GCC_PREPROCESSOR_DEFINITIONS = (
					"DEBUG=1",
					"$(inherited)",
				);
				GCC_WARN_64_TO_32_BIT_CONVERSION = YES;
				GCC_WARN_ABOUT_RETURN_TYPE = YES_ERROR;
				GCC_WARN_UNDECLARED_SELECTOR = YES;
				GCC_WARN_UNINITIALIZED_AUTOS = YES_AGGRESSIVE;
				GCC_WARN_UNUSED_FUNCTION = YES;
				GCC_WARN_UNUSED_VARIABLE = YES;
				IPHONEOS_DEPLOYMENT_TARGET = 16.0;
				MTL_ENABLE_DEBUG_INFO = INCLUDE_SOURCE;
				MTL_FAST_MATH = YES;
				ONLY_ACTIVE_ARCH = YES;
				SDKROOT = iphoneos;
				SWIFT_ACTIVE_COMPILATION_CONDITIONS = DEBUG;
				SWIFT_OPTIMIZATION_LEVEL = "-Onone";
			};
			name = Debug;
		};
		98DFA94629240DF100B4F608 /* Release */ = {
			isa = XCBuildConfiguration;
			buildSettings = {
				ALWAYS_SEARCH_USER_PATHS = NO;
				CLANG_ANALYZER_NONNULL = YES;
				CLANG_ANALYZER_NUMBER_OBJECT_CONVERSION = YES_AGGRESSIVE;
				CLANG_CXX_LANGUAGE_STANDARD = "gnu++20";
				CLANG_ENABLE_MODULES = YES;
				CLANG_ENABLE_OBJC_ARC = YES;
				CLANG_ENABLE_OBJC_WEAK = YES;
				CLANG_WARN_BLOCK_CAPTURE_AUTORELEASING = YES;
				CLANG_WARN_BOOL_CONVERSION = YES;
				CLANG_WARN_COMMA = YES;
				CLANG_WARN_CONSTANT_CONVERSION = YES;
				CLANG_WARN_DEPRECATED_OBJC_IMPLEMENTATIONS = YES;
				CLANG_WARN_DIRECT_OBJC_ISA_USAGE = YES_ERROR;
				CLANG_WARN_DOCUMENTATION_COMMENTS = YES;
				CLANG_WARN_EMPTY_BODY = YES;
				CLANG_WARN_ENUM_CONVERSION = YES;
				CLANG_WARN_INFINITE_RECURSION = YES;
				CLANG_WARN_INT_CONVERSION = YES;
				CLANG_WARN_NON_LITERAL_NULL_CONVERSION = YES;
				CLANG_WARN_OBJC_IMPLICIT_RETAIN_SELF = YES;
				CLANG_WARN_OBJC_LITERAL_CONVERSION = YES;
				CLANG_WARN_OBJC_ROOT_CLASS = YES_ERROR;
				CLANG_WARN_QUOTED_INCLUDE_IN_FRAMEWORK_HEADER = YES;
				CLANG_WARN_RANGE_LOOP_ANALYSIS = YES;
				CLANG_WARN_STRICT_PROTOTYPES = YES;
				CLANG_WARN_SUSPICIOUS_MOVE = YES;
				CLANG_WARN_UNGUARDED_AVAILABILITY = YES_AGGRESSIVE;
				CLANG_WARN_UNREACHABLE_CODE = YES;
				CLANG_WARN__DUPLICATE_METHOD_MATCH = YES;
				COPY_PHASE_STRIP = NO;
				DEBUG_INFORMATION_FORMAT = "dwarf-with-dsym";
				ENABLE_NS_ASSERTIONS = NO;
				ENABLE_STRICT_OBJC_MSGSEND = YES;
				GCC_C_LANGUAGE_STANDARD = gnu11;
				GCC_NO_COMMON_BLOCKS = YES;
				GCC_WARN_64_TO_32_BIT_CONVERSION = YES;
				GCC_WARN_ABOUT_RETURN_TYPE = YES_ERROR;
				GCC_WARN_UNDECLARED_SELECTOR = YES;
				GCC_WARN_UNINITIALIZED_AUTOS = YES_AGGRESSIVE;
				GCC_WARN_UNUSED_FUNCTION = YES;
				GCC_WARN_UNUSED_VARIABLE = YES;
				IPHONEOS_DEPLOYMENT_TARGET = 16.0;
				MTL_ENABLE_DEBUG_INFO = NO;
				MTL_FAST_MATH = YES;
				SDKROOT = iphoneos;
				SWIFT_COMPILATION_MODE = wholemodule;
				SWIFT_OPTIMIZATION_LEVEL = "-O";
				VALIDATE_PRODUCT = YES;
			};
			name = Release;
		};
		98DFA94829240DF100B4F608 /* Debug */ = {
			isa = XCBuildConfiguration;
			buildSettings = {
				ASSETCATALOG_COMPILER_APPICON_NAME = AppIcon;
				ASSETCATALOG_COMPILER_GLOBAL_ACCENT_COLOR_NAME = AccentColor;
				CODE_SIGN_STYLE = Automatic;
				CURRENT_PROJECT_VERSION = 1;
				DEVELOPMENT_ASSET_PATHS = "\"ARKitROS2Bridge/Preview Content\"";
				DEVELOPMENT_TEAM = 787TUDMR8Q;
				ENABLE_PREVIEWS = YES;
				GENERATE_INFOPLIST_FILE = YES;
				INFOPLIST_KEY_NSCameraUsageDescription = "";
				INFOPLIST_KEY_UIApplicationSupportsIndirectInputEvents = YES;
				INFOPLIST_KEY_UILaunchScreen_Generation = YES;
				INFOPLIST_KEY_UIRequiredDeviceCapabilities = arkit;
				INFOPLIST_KEY_UIStatusBarHidden = YES;
				INFOPLIST_KEY_UISupportedInterfaceOrientations_iPad = "UIInterfaceOrientationPortrait UIInterfaceOrientationPortraitUpsideDown UIInterfaceOrientationLandscapeLeft UIInterfaceOrientationLandscapeRight";
				INFOPLIST_KEY_UISupportedInterfaceOrientations_iPhone = "UIInterfaceOrientationPortrait UIInterfaceOrientationLandscapeLeft UIInterfaceOrientationLandscapeRight";
				LD_RUNPATH_SEARCH_PATHS = (
					"$(inherited)",
					"@executable_path/Frameworks",
				);
				MARKETING_VERSION = 1.0;
				PRODUCT_BUNDLE_IDENTIFIER = com.example.samplecode.ARKitROS2Bridge;
				PRODUCT_NAME = "$(TARGET_NAME)";
				SWIFT_EMIT_LOC_STRINGS = YES;
				SWIFT_VERSION = 5.0;
				TARGETED_DEVICE_FAMILY = "1,2";
			};
			name = Debug;
		};
		98DFA94929240DF100B4F608 /* Release */ = {
			isa = XCBuildConfiguration;
			buildSettings = {
				ASSETCATALOG_COMPILER_APPICON_NAME = AppIcon;
				ASSETCATALOG_COMPILER_GLOBAL_ACCENT_COLOR_NAME = AccentColor;
				CODE_SIGN_STYLE = Automatic;
				CURRENT_PROJECT_VERSION = 1;
				DEVELOPMENT_ASSET_PATHS = "\"ARKitROS2Bridge/Preview Content\"";
				DEVELOPMENT_TEAM = 787TUDMR8Q;
				ENABLE_PREVIEWS = YES;
				GENERATE_INFOPLIST_FILE = YES;
				INFOPLIST_KEY_NSCameraUsageDescription = "";
				INFOPLIST_KEY_UIApplicationSupportsIndirectInputEvents = YES;
				INFOPLIST_KEY_UILaunchScreen_Generation = YES;
				INFOPLIST_KEY_UIRequiredDeviceCapabilities = arkit;
				INFOPLIST_KEY_UIStatusBarHidden = YES;
				INFOPLIST_KEY_UISupportedInterfaceOrientations_iPad = "UIInterfaceOrientationPortrait UIInterfaceOrientationPortraitUpsideDown UIInterfaceOrientationLandscapeLeft UIInterfaceOrientationLandscapeRight";
				INFOPLIST_KEY_UISupportedInterfaceOrientations_iPhone = "UIInterfaceOrientationPortrait UIInterfaceOrientationLandscapeLeft UIInterfaceOrientationLandscapeRight";
				LD_RUNPATH_SEARCH_PATHS = (
					"$(inherited)",
					"@executable_path/Frameworks",
				);
				MARKETING_VERSION = 1.0;
				PRODUCT_BUNDLE_IDENTIFIER = com.example.samplecode.ARKitROS2Bridge;
				PRODUCT_NAME = "$(TARGET_NAME)";
				SWIFT_EMIT_LOC_STRINGS = YES;
				SWIFT_VERSION = 5.0;
				TARGETED_DEVICE_FAMILY = "1,2";
			};
			name = Release;
		};
/* End XCBuildConfiguration section */

/* Begin XCConfigurationList section */
		98DFA93229240DF000B4F608 /* Build configuration list for PBXProject "ARKitROS2Bridge" */ = {
			isa = XCConfigurationList;
			buildConfigurations = (
				98DFA94529240DF100B4F608 /* Debug */,
				98DFA94629240DF100B4F608 /* Release */,
			);
			defaultConfigurationIsVisible = 0;
			defaultConfigurationName = Release;
		};
		98DFA94729240DF100B4F608 /* Build configuration list for PBXNativeTarget "ARKitROS2Bridge" */ = {
			isa = XCConfigurationList;
			buildConfigurations = (
				98DFA94829240DF100B4F608 /* Debug */,
				98DFA94929240DF100B4F608 /* Release */,
			);
			defaultConfigurationIsVisible = 0;
			defaultConfigurationName = Release;
		};
/* End XCConfigurationList section */
	};
	rootObject = 98DFA92F29240DF000B4F608 /* Project object */;
}
